<?xml version="1.0" encoding="utf-8"?>
<Project ToolsVersion="4.0" xmlns="http://schemas.microsoft.com/developer/msbuild/2003">
  <ItemGroup>
    <Filter Include="Source Files">
      <UniqueIdentifier>{4FC737F1-C7A5-4376-A066-2A32D752A2FF}</UniqueIdentifier>
      <Extensions>cpp;cxx;c;def</Extensions>
    </Filter>
    <Filter Include="Header Files">
      <UniqueIdentifier>{93995380-89BD-4b04-88EB-625FBE52EBFB}</UniqueIdentifier>
      <Extensions>h</Extensions>
    </Filter>
    <Filter Include="Form Files">
      <UniqueIdentifier>{99349809-55BA-4b9d-BF79-8FDBB0286EB3}</UniqueIdentifier>
      <Extensions>ui</Extensions>
    </Filter>
    <Filter Include="Resource Files">
      <UniqueIdentifier>{D9D6E242-F8AF-46E4-B9FD-80ECBC20BA3E}</UniqueIdentifier>
      <Extensions>qrc;*</Extensions>
      <ParseFiles>false</ParseFiles>
    </Filter>
    <Filter Include="Generated Files">
      <UniqueIdentifier>{71ED8ED8-ACB9-4CE9-BBE1-E00B30144E11}</UniqueIdentifier>
      <Extensions>moc;h;cpp</Extensions>
      <SourceControlFiles>False</SourceControlFiles>
    </Filter>
    <Filter Include="Generated Files\Debug">
      <UniqueIdentifier>{0e9396d2-57fb-4283-bdab-fecc58b6ea66}</UniqueIdentifier>
      <Extensions>cpp;moc</Extensions>
      <SourceControlFiles>False</SourceControlFiles>
    </Filter>
    <Filter Include="Generated Files\Release">
      <UniqueIdentifier>{7f412be5-5a4f-4b9e-9826-ef45769f3114}</UniqueIdentifier>
      <Extensions>cpp;moc</Extensions>
      <SourceControlFiles>False</SourceControlFiles>
    </Filter>
    <Filter Include="UMLItems">
      <UniqueIdentifier>{1d0871fa-55c4-4ade-be40-2be813b44f2e}</UniqueIdentifier>
    </Filter>
  </ItemGroup>
  <ItemGroup>
    <ClCompile Include="..\libGraphicItems\UMLItem.cpp">
      <Filter>UMLItems</Filter>
    </ClCompile>
    <ClCompile Include="..\libGraphicItems\ClassItem.cpp">
      <Filter>UMLItems</Filter>
    </ClCompile>
    <ClCompile Include="..\libGraphicItems\UMLTextItem.cpp">
      <Filter>UMLItems</Filter>
    </ClCompile>
    <ClCompile Include="..\libGraphicItems\UMLScene.cpp">
      <Filter>UMLItems</Filter>
    </ClCompile>
    <ClCompile Include="..\libGraphicItems\UMLBase.cpp">
      <Filter>UMLItems</Filter>
    </ClCompile>
    <ClCompile Include="..\UMLEditor\main.cpp">
      <Filter>Source Files</Filter>
    </ClCompile>
    <ClCompile Include="..\UMLEditor\mainwindow.cpp">
      <Filter>Source Files</Filter>
    </ClCompile>
    <ClCompile Include="GeneratedFiles\Debug\moc_mainwindow.cpp">
      <Filter>Generated Files\Debug</Filter>
    </ClCompile>
    <ClCompile Include="GeneratedFiles\Release\moc_mainwindow.cpp">
      <Filter>Generated Files\Release</Filter>
    </ClCompile>
  </ItemGroup>
  <ItemGroup>
    <CustomBuild Include="..\UMLEditor\mainwindow.h">
      <Filter>Header Files</Filter>
    </CustomBuild>
    <CustomBuild Include="..\UMLEditor\umlediter.ui">
      <Filter>Form Files</Filter>
    </CustomBuild>
  </ItemGroup>
  <ItemGroup>
    <ClInclude Include="..\libGraphicItems\ClassItem.h">
      <Filter>Header Files</Filter>
    </ClInclude>
    <ClInclude Include="..\libGraphicItems\UMLItem.h">
      <Filter>Header Files</Filter>
    </ClInclude>
    <ClInclude Include="..\libGraphicItems\UMLTextItem.h">
      <Filter>Header Files</Filter>
    </ClInclude>
    <ClInclude Include="..\libGraphicItems\UMLScene.h">
      <Filter>Header Files</Filter>
    </ClInclude>
    <ClInclude Include="..\libGraphicItems\UMLBase.h">
      <Filter>Header Files</Filter>
    </ClInclude>
    <ClInclude Include="..\UMLEditor\libcsystem.h">
      <Filter>Header Files</Filter>
    </ClInclude>
    <ClInclude Include="GeneratedFiles\ui_umlediter.h">
      <Filter>Generated Files</Filter>
    </ClInclude>
  </ItemGroup>
</Project>